
Microsoft Visual Studio Solution File, Format Version 12.00
# Visual Studio Version 16
VisualStudioVersion = 25.0.1705.4
MinimumVisualStudioVersion = 10.0.40219.1
Project("{FAE04EC0-301F-11D3-BF4B-00C04F79EFBC}") = "TwistedFizzBuzz", "TwistedFizzBuzz\TwistedFizzBuzz.csproj", "{9911DFFC-17F2-4838-8E88-39C810C4814F}"
EndProject
Project("{2150E333-8FDC-42A3-9474-1A3956D46DE8}") = "Solution Items", "Solution Items", "{F9518E62-2862-46CA-A28A-6BD4B6BACB50}"
	ProjectSection(SolutionItems) = preProject
		README.md = README.md
		.gitignore = .gitignore
	EndProjectSection
EndProject
Project("{FAE04EC0-301F-11D3-BF4B-00C04F79EFBC}") = "StandardFizzBuzz", "StandardFizzBuzz\StandardFizzBuzz.csproj", "{4107CBC2-4F62-4B6C-95B3-FF421F84F2CE}"
EndProject
Global
	GlobalSection(SolutionConfigurationPlatforms) = preSolution
		Debug|Any CPU = Debug|Any CPU
		Release|Any CPU = Release|Any CPU
	EndGlobalSection
	GlobalSection(ProjectConfigurationPlatforms) = postSolution
		{9911DFFC-17F2-4838-8E88-39C810C4814F}.Debug|Any CPU.ActiveCfg = Debug|Any CPU
		{9911DFFC-17F2-4838-8E88-39C810C4814F}.Debug|Any CPU.Build.0 = Debug|Any CPU
		{9911DFFC-17F2-4838-8E88-39C810C4814F}.Release|Any CPU.ActiveCfg = Release|Any CPU
		{9911DFFC-17F2-4838-8E88-39C810C4814F}.Release|Any CPU.Build.0 = Release|Any CPU
		{4107CBC2-4F62-4B6C-95B3-FF421F84F2CE}.Debug|Any CPU.ActiveCfg = Debug|Any CPU
		{4107CBC2-4F62-4B6C-95B3-FF421F84F2CE}.Debug|Any CPU.Build.0 = Debug|Any CPU
		{4107CBC2-4F62-4B6C-95B3-FF421F84F2CE}.Release|Any CPU.ActiveCfg = Release|Any CPU
		{4107CBC2-4F62-4B6C-95B3-FF421F84F2CE}.Release|Any CPU.Build.0 = Release|Any CPU
	EndGlobalSection
	GlobalSection(SolutionProperties) = preSolution
		HideSolutionNode = FALSE
	EndGlobalSection
	GlobalSection(ExtensibilityGlobals) = postSolution
		SolutionGuid = {8C1B838B-AAC3-4BD6-B800-8D715BD1A8D6}
	EndGlobalSection
EndGlobal
